// !$*UTF8*$!
{
	archiveVersion = 1;
	classes = {
	};
	objectVersion = 50;
	objects = {

/* Begin PBXBuildFile section */
		93CFEFC9256EE392000827DF /* AppDelegate.swift in Sources */ = {isa = PBXBuildFile; fileRef = 93CFEFC8256EE392000827DF /* AppDelegate.swift */; };
		93CFEFCB256EE392000827DF /* SceneDelegate.swift in Sources */ = {isa = PBXBuildFile; fileRef = 93CFEFCA256EE392000827DF /* SceneDelegate.swift */; };
		93CFEFD3256EE392000827DF /* Project99.xcdatamodeld in Sources */ = {isa = PBXBuildFile; fileRef = 93CFEFD1256EE392000827DF /* Project99.xcdatamodeld */; };
		93CFEFD5256EE396000827DF /* Assets.xcassets in Resources */ = {isa = PBXBuildFile; fileRef = 93CFEFD4256EE396000827DF /* Assets.xcassets */; };
		93CFEFD8256EE396000827DF /* LaunchScreen.storyboard in Resources */ = {isa = PBXBuildFile; fileRef = 93CFEFD6256EE396000827DF /* LaunchScreen.storyboard */; };
		93CFEFE3256EE396000827DF /* Project99Tests.swift in Sources */ = {isa = PBXBuildFile; fileRef = 93CFEFE2256EE396000827DF /* Project99Tests.swift */; };
		93CFEFF2256EE4B7000827DF /* DataManager.swift in Sources */ = {isa = PBXBuildFile; fileRef = 93CFEFF1256EE4B7000827DF /* DataManager.swift */; };
		93CFEFFB256EE4E1000827DF /* RemoteDataManagerImpl.swift in Sources */ = {isa = PBXBuildFile; fileRef = 93CFEFF4256EE4E1000827DF /* RemoteDataManagerImpl.swift */; };
		93CFEFFC256EE4E1000827DF /* RemoteDataManager.swift in Sources */ = {isa = PBXBuildFile; fileRef = 93CFEFF5256EE4E1000827DF /* RemoteDataManager.swift */; };
		93CFEFFD256EE4E1000827DF /* LocalDataManagerImpl.swift in Sources */ = {isa = PBXBuildFile; fileRef = 93CFEFF7256EE4E1000827DF /* LocalDataManagerImpl.swift */; };
		93CFEFFF256EE4E1000827DF /* LocalDataManager.swift in Sources */ = {isa = PBXBuildFile; fileRef = 93CFEFFA256EE4E1000827DF /* LocalDataManager.swift */; };
		93CFF001256EE5E0000827DF /* AppCoordinator.swift in Sources */ = {isa = PBXBuildFile; fileRef = 93CFF000256EE5E0000827DF /* AppCoordinator.swift */; };
		93CFF003256EE5F5000827DF /* Coordinator.swift in Sources */ = {isa = PBXBuildFile; fileRef = 93CFF002256EE5F5000827DF /* Coordinator.swift */; };
		93CFF00C256EE6D8000827DF /* StocksViewModel.swift in Sources */ = {isa = PBXBuildFile; fileRef = 93CFF007256EE6D7000827DF /* StocksViewModel.swift */; };
		93CFF00D256EE6D8000827DF /* StocksDataManager.swift in Sources */ = {isa = PBXBuildFile; fileRef = 93CFF008256EE6D7000827DF /* StocksDataManager.swift */; };
		93CFF00E256EE6D8000827DF /* StocksViewController.swift in Sources */ = {isa = PBXBuildFile; fileRef = 93CFF009256EE6D7000827DF /* StocksViewController.swift */; };
		93CFF011256EE772000827DF /* Stock.swift in Sources */ = {isa = PBXBuildFile; fileRef = 93CFF010256EE772000827DF /* Stock.swift */; };
		93CFF015256EE832000827DF /* StockDetailViewModel.swift in Sources */ = {isa = PBXBuildFile; fileRef = 93CFF012256EE832000827DF /* StockDetailViewModel.swift */; };
		93CFF016256EE832000827DF /* StockDetailViewController.swift in Sources */ = {isa = PBXBuildFile; fileRef = 93CFF013256EE832000827DF /* StockDetailViewController.swift */; };
		93CFF01F256EFA3C000827DF /* StockCellViewModel.swift in Sources */ = {isa = PBXBuildFile; fileRef = 93CFF01E256EFA3C000827DF /* StockCellViewModel.swift */; };
		93CFF021256EFA56000827DF /* StockCell.swift in Sources */ = {isa = PBXBuildFile; fileRef = 93CFF020256EFA56000827DF /* StockCell.swift */; };
		93E5B3A8256EFEF50054D8E7 /* StocksCoordinator.swift in Sources */ = {isa = PBXBuildFile; fileRef = 93E5B3A7256EFEF50054D8E7 /* StocksCoordinator.swift */; };
		93E5B3AA256F027F0054D8E7 /* SckAttributeCellViewModel.swift in Sources */ = {isa = PBXBuildFile; fileRef = 93E5B3A9256F027F0054D8E7 /* SckAttributeCellViewModel.swift */; };
		93E5B3AC256F02980054D8E7 /* SckAttributeCell.swift in Sources */ = {isa = PBXBuildFile; fileRef = 93E5B3AB256F02970054D8E7 /* SckAttributeCell.swift */; };
		93E5B3AE256F16800054D8E7 /* StocksResponse.swift in Sources */ = {isa = PBXBuildFile; fileRef = 93E5B3AD256F16800054D8E7 /* StocksResponse.swift */; };
/* End PBXBuildFile section */

/* Begin PBXContainerItemProxy section */
		93CFEFDF256EE396000827DF /* PBXContainerItemProxy */ = {
			isa = PBXContainerItemProxy;
			containerPortal = 93CFEFBD256EE392000827DF /* Project object */;
			proxyType = 1;
			remoteGlobalIDString = 93CFEFC4256EE392000827DF;
			remoteInfo = Project99;
		};
/* End PBXContainerItemProxy section */

/* Begin PBXFileReference section */
		93CFEFC5256EE392000827DF /* Project99.app */ = {isa = PBXFileReference; explicitFileType = wrapper.application; includeInIndex = 0; path = Project99.app; sourceTree = BUILT_PRODUCTS_DIR; };
		93CFEFC8256EE392000827DF /* AppDelegate.swift */ = {isa = PBXFileReference; lastKnownFileType = sourcecode.swift; path = AppDelegate.swift; sourceTree = "<group>"; };
		93CFEFCA256EE392000827DF /* SceneDelegate.swift */ = {isa = PBXFileReference; lastKnownFileType = sourcecode.swift; path = SceneDelegate.swift; sourceTree = "<group>"; };
		93CFEFD2256EE392000827DF /* Project99.xcdatamodel */ = {isa = PBXFileReference; lastKnownFileType = wrapper.xcdatamodel; path = Project99.xcdatamodel; sourceTree = "<group>"; };
		93CFEFD4256EE396000827DF /* Assets.xcassets */ = {isa = PBXFileReference; lastKnownFileType = folder.assetcatalog; path = Assets.xcassets; sourceTree = "<group>"; };
		93CFEFD7256EE396000827DF /* Base */ = {isa = PBXFileReference; lastKnownFileType = file.storyboard; name = Base; path = Base.lproj/LaunchScreen.storyboard; sourceTree = "<group>"; };
		93CFEFD9256EE396000827DF /* Info.plist */ = {isa = PBXFileReference; lastKnownFileType = text.plist.xml; path = Info.plist; sourceTree = "<group>"; };
		93CFEFDE256EE396000827DF /* Project99Tests.xctest */ = {isa = PBXFileReference; explicitFileType = wrapper.cfbundle; includeInIndex = 0; path = Project99Tests.xctest; sourceTree = BUILT_PRODUCTS_DIR; };
		93CFEFE2256EE396000827DF /* Project99Tests.swift */ = {isa = PBXFileReference; lastKnownFileType = sourcecode.swift; path = Project99Tests.swift; sourceTree = "<group>"; };
		93CFEFE4256EE396000827DF /* Info.plist */ = {isa = PBXFileReference; lastKnownFileType = text.plist.xml; path = Info.plist; sourceTree = "<group>"; };
		93CFEFF1256EE4B7000827DF /* DataManager.swift */ = {isa = PBXFileReference; lastKnownFileType = sourcecode.swift; path = DataManager.swift; sourceTree = "<group>"; };
		93CFEFF4256EE4E1000827DF /* RemoteDataManagerImpl.swift */ = {isa = PBXFileReference; fileEncoding = 4; lastKnownFileType = sourcecode.swift; path = RemoteDataManagerImpl.swift; sourceTree = "<group>"; };
		93CFEFF5256EE4E1000827DF /* RemoteDataManager.swift */ = {isa = PBXFileReference; fileEncoding = 4; lastKnownFileType = sourcecode.swift; path = RemoteDataManager.swift; sourceTree = "<group>"; };
		93CFEFF7256EE4E1000827DF /* LocalDataManagerImpl.swift */ = {isa = PBXFileReference; fileEncoding = 4; lastKnownFileType = sourcecode.swift; path = LocalDataManagerImpl.swift; sourceTree = "<group>"; };
		93CFEFFA256EE4E1000827DF /* LocalDataManager.swift */ = {isa = PBXFileReference; fileEncoding = 4; lastKnownFileType = sourcecode.swift; path = LocalDataManager.swift; sourceTree = "<group>"; };
		93CFF000256EE5E0000827DF /* AppCoordinator.swift */ = {isa = PBXFileReference; lastKnownFileType = sourcecode.swift; path = AppCoordinator.swift; sourceTree = "<group>"; };
		93CFF002256EE5F5000827DF /* Coordinator.swift */ = {isa = PBXFileReference; fileEncoding = 4; lastKnownFileType = sourcecode.swift; path = Coordinator.swift; sourceTree = "<group>"; };
		93CFF007256EE6D7000827DF /* StocksViewModel.swift */ = {isa = PBXFileReference; fileEncoding = 4; lastKnownFileType = sourcecode.swift; path = StocksViewModel.swift; sourceTree = "<group>"; };
		93CFF008256EE6D7000827DF /* StocksDataManager.swift */ = {isa = PBXFileReference; fileEncoding = 4; lastKnownFileType = sourcecode.swift; path = StocksDataManager.swift; sourceTree = "<group>"; };
		93CFF009256EE6D7000827DF /* StocksViewController.swift */ = {isa = PBXFileReference; fileEncoding = 4; lastKnownFileType = sourcecode.swift; path = StocksViewController.swift; sourceTree = "<group>"; };
		93CFF010256EE772000827DF /* Stock.swift */ = {isa = PBXFileReference; lastKnownFileType = sourcecode.swift; path = Stock.swift; sourceTree = "<group>"; };
		93CFF012256EE832000827DF /* StockDetailViewModel.swift */ = {isa = PBXFileReference; fileEncoding = 4; lastKnownFileType = sourcecode.swift; path = StockDetailViewModel.swift; sourceTree = "<group>"; };
		93CFF013256EE832000827DF /* StockDetailViewController.swift */ = {isa = PBXFileReference; fileEncoding = 4; lastKnownFileType = sourcecode.swift; path = StockDetailViewController.swift; sourceTree = "<group>"; };
		93CFF01E256EFA3C000827DF /* StockCellViewModel.swift */ = {isa = PBXFileReference; lastKnownFileType = sourcecode.swift; path = StockCellViewModel.swift; sourceTree = "<group>"; };
		93CFF020256EFA56000827DF /* StockCell.swift */ = {isa = PBXFileReference; lastKnownFileType = sourcecode.swift; path = StockCell.swift; sourceTree = "<group>"; };
		93E5B3A7256EFEF50054D8E7 /* StocksCoordinator.swift */ = {isa = PBXFileReference; lastKnownFileType = sourcecode.swift; path = StocksCoordinator.swift; sourceTree = "<group>"; };
		93E5B3A9256F027F0054D8E7 /* SckAttributeCellViewModel.swift */ = {isa = PBXFileReference; lastKnownFileType = sourcecode.swift; path = SckAttributeCellViewModel.swift; sourceTree = "<group>"; };
		93E5B3AB256F02970054D8E7 /* SckAttributeCell.swift */ = {isa = PBXFileReference; lastKnownFileType = sourcecode.swift; path = SckAttributeCell.swift; sourceTree = "<group>"; };
		93E5B3AD256F16800054D8E7 /* StocksResponse.swift */ = {isa = PBXFileReference; lastKnownFileType = sourcecode.swift; path = StocksResponse.swift; sourceTree = "<group>"; };
/* End PBXFileReference section */

/* Begin PBXFrameworksBuildPhase section */
		93CFEFC2256EE392000827DF /* Frameworks */ = {
			isa = PBXFrameworksBuildPhase;
			buildActionMask = 2147483647;
			files = (
			);
			runOnlyForDeploymentPostprocessing = 0;
		};
		93CFEFDB256EE396000827DF /* Frameworks */ = {
			isa = PBXFrameworksBuildPhase;
			buildActionMask = 2147483647;
			files = (
			);
			runOnlyForDeploymentPostprocessing = 0;
		};
/* End PBXFrameworksBuildPhase section */

/* Begin PBXGroup section */
		93CFEFBC256EE392000827DF = {
			isa = PBXGroup;
			children = (
				93CFEFC7256EE392000827DF /* Project99 */,
				93CFEFE1256EE396000827DF /* Project99Tests */,
				93CFEFC6256EE392000827DF /* Products */,
			);
			sourceTree = "<group>";
		};
		93CFEFC6256EE392000827DF /* Products */ = {
			isa = PBXGroup;
			children = (
				93CFEFC5256EE392000827DF /* Project99.app */,
				93CFEFDE256EE396000827DF /* Project99Tests.xctest */,
			);
			name = Products;
			sourceTree = "<group>";
		};
		93CFEFC7256EE392000827DF /* Project99 */ = {
			isa = PBXGroup;
			children = (
				93CFEFED256EE41D000827DF /* AppSupport */,
				93CFEFEE256EE479000827DF /* Model */,
				93CFEFF0256EE499000827DF /* DataManager */,
				93CFEFEF256EE48A000827DF /* Modules */,
			);
			path = Project99;
			sourceTree = "<group>";
		};
		93CFEFE1256EE396000827DF /* Project99Tests */ = {
			isa = PBXGroup;
			children = (
				93CFEFE2256EE396000827DF /* Project99Tests.swift */,
				93CFEFE4256EE396000827DF /* Info.plist */,
			);
			path = Project99Tests;
			sourceTree = "<group>";
		};
		93CFEFED256EE41D000827DF /* AppSupport */ = {
			isa = PBXGroup;
			children = (
				93CFEFC8256EE392000827DF /* AppDelegate.swift */,
				93CFEFCA256EE392000827DF /* SceneDelegate.swift */,
				93CFF002256EE5F5000827DF /* Coordinator.swift */,
				93CFF000256EE5E0000827DF /* AppCoordinator.swift */,
				93CFEFD4256EE396000827DF /* Assets.xcassets */,
				93CFEFD6256EE396000827DF /* LaunchScreen.storyboard */,
				93CFEFD9256EE396000827DF /* Info.plist */,
			);
			path = AppSupport;
			sourceTree = "<group>";
		};
		93CFEFEE256EE479000827DF /* Model */ = {
			isa = PBXGroup;
			children = (
				93CFF010256EE772000827DF /* Stock.swift */,
				93E5B3AD256F16800054D8E7 /* StocksResponse.swift */,
			);
			path = Model;
			sourceTree = "<group>";
		};
		93CFEFEF256EE48A000827DF /* Modules */ = {
			isa = PBXGroup;
			children = (
				93CFF004256EE685000827DF /* StocksList */,
				93CFF005256EE6A9000827DF /* StockDetail */,
			);
			path = Modules;
			sourceTree = "<group>";
		};
		93CFEFF0256EE499000827DF /* DataManager */ = {
			isa = PBXGroup;
			children = (
				93CFEFF1256EE4B7000827DF /* DataManager.swift */,
				93CFEFF6256EE4E1000827DF /* LocalDataManager */,
				93CFEFF3256EE4E1000827DF /* RemoteDataManager */,
			);
			path = DataManager;
			sourceTree = "<group>";
		};
		93CFEFF3256EE4E1000827DF /* RemoteDataManager */ = {
			isa = PBXGroup;
			children = (
				93CFEFF5256EE4E1000827DF /* RemoteDataManager.swift */,
				93CFEFF4256EE4E1000827DF /* RemoteDataManagerImpl.swift */,
			);
			path = RemoteDataManager;
			sourceTree = "<group>";
		};
		93CFEFF6256EE4E1000827DF /* LocalDataManager */ = {
			isa = PBXGroup;
			children = (
				93CFEFFA256EE4E1000827DF /* LocalDataManager.swift */,
				93CFEFF7256EE4E1000827DF /* LocalDataManagerImpl.swift */,
				93CFEFD1256EE392000827DF /* Project99.xcdatamodeld */,
			);
			path = LocalDataManager;
			sourceTree = "<group>";
		};
		93CFF004256EE685000827DF /* StocksList */ = {
			isa = PBXGroup;
			children = (
				93E5B3A7256EFEF50054D8E7 /* StocksCoordinator.swift */,
				93CFF008256EE6D7000827DF /* StocksDataManager.swift */,
				93CFF007256EE6D7000827DF /* StocksViewModel.swift */,
				93CFF009256EE6D7000827DF /* StocksViewController.swift */,
				93CFF01E256EFA3C000827DF /* StockCellViewModel.swift */,
				93CFF020256EFA56000827DF /* StockCell.swift */,
			);
			path = StocksList;
			sourceTree = "<group>";
		};
		93CFF005256EE6A9000827DF /* StockDetail */ = {
			isa = PBXGroup;
			children = (
				93CFF012256EE832000827DF /* StockDetailViewModel.swift */,
				93CFF013256EE832000827DF /* StockDetailViewController.swift */,
				93E5B3A9256F027F0054D8E7 /* SckAttributeCellViewModel.swift */,
				93E5B3AB256F02970054D8E7 /* SckAttributeCell.swift */,
			);
			path = StockDetail;
			sourceTree = "<group>";
		};
/* End PBXGroup section */

/* Begin PBXNativeTarget section */
		93CFEFC4256EE392000827DF /* Project99 */ = {
			isa = PBXNativeTarget;
			buildConfigurationList = 93CFEFE7256EE396000827DF /* Build configuration list for PBXNativeTarget "Project99" */;
			buildPhases = (
				93CFEFC1256EE392000827DF /* Sources */,
				93CFEFC2256EE392000827DF /* Frameworks */,
				93CFEFC3256EE392000827DF /* Resources */,
			);
			buildRules = (
			);
			dependencies = (
			);
			name = Project99;
			productName = Project99;
			productReference = 93CFEFC5256EE392000827DF /* Project99.app */;
			productType = "com.apple.product-type.application";
		};
		93CFEFDD256EE396000827DF /* Project99Tests */ = {
			isa = PBXNativeTarget;
			buildConfigurationList = 93CFEFEA256EE396000827DF /* Build configuration list for PBXNativeTarget "Project99Tests" */;
			buildPhases = (
				93CFEFDA256EE396000827DF /* Sources */,
				93CFEFDB256EE396000827DF /* Frameworks */,
				93CFEFDC256EE396000827DF /* Resources */,
			);
			buildRules = (
			);
			dependencies = (
				93CFEFE0256EE396000827DF /* PBXTargetDependency */,
			);
			name = Project99Tests;
			productName = Project99Tests;
			productReference = 93CFEFDE256EE396000827DF /* Project99Tests.xctest */;
			productType = "com.apple.product-type.bundle.unit-test";
		};
/* End PBXNativeTarget section */

/* Begin PBXProject section */
		93CFEFBD256EE392000827DF /* Project object */ = {
			isa = PBXProject;
			attributes = {
				LastSwiftUpdateCheck = 1150;
				LastUpgradeCheck = 1150;
				ORGANIZATIONNAME = "Ricardo González Pacheco";
				TargetAttributes = {
					93CFEFC4256EE392000827DF = {
						CreatedOnToolsVersion = 11.5;
					};
					93CFEFDD256EE396000827DF = {
						CreatedOnToolsVersion = 11.5;
						TestTargetID = 93CFEFC4256EE392000827DF;
					};
				};
			};
			buildConfigurationList = 93CFEFC0256EE392000827DF /* Build configuration list for PBXProject "Project99" */;
			compatibilityVersion = "Xcode 9.3";
			developmentRegion = en;
			hasScannedForEncodings = 0;
			knownRegions = (
				en,
				Base,
			);
			mainGroup = 93CFEFBC256EE392000827DF;
			productRefGroup = 93CFEFC6256EE392000827DF /* Products */;
			projectDirPath = "";
			projectRoot = "";
			targets = (
				93CFEFC4256EE392000827DF /* Project99 */,
				93CFEFDD256EE396000827DF /* Project99Tests */,
			);
		};
/* End PBXProject section */

/* Begin PBXResourcesBuildPhase section */
		93CFEFC3256EE392000827DF /* Resources */ = {
			isa = PBXResourcesBuildPhase;
			buildActionMask = 2147483647;
			files = (
				93CFEFD8256EE396000827DF /* LaunchScreen.storyboard in Resources */,
				93CFEFD5256EE396000827DF /* Assets.xcassets in Resources */,
			);
			runOnlyForDeploymentPostprocessing = 0;
		};
		93CFEFDC256EE396000827DF /* Resources */ = {
			isa = PBXResourcesBuildPhase;
			buildActionMask = 2147483647;
			files = (
			);
			runOnlyForDeploymentPostprocessing = 0;
		};
/* End PBXResourcesBuildPhase section */

/* Begin PBXSourcesBuildPhase section */
		93CFEFC1256EE392000827DF /* Sources */ = {
			isa = PBXSourcesBuildPhase;
			buildActionMask = 2147483647;
			files = (
				93CFEFC9256EE392000827DF /* AppDelegate.swift in Sources */,
				93CFF011256EE772000827DF /* Stock.swift in Sources */,
				93CFEFF2256EE4B7000827DF /* DataManager.swift in Sources */,
				93CFF003256EE5F5000827DF /* Coordinator.swift in Sources */,
				93CFEFFF256EE4E1000827DF /* LocalDataManager.swift in Sources */,
				93CFEFFB256EE4E1000827DF /* RemoteDataManagerImpl.swift in Sources */,
				93CFEFFD256EE4E1000827DF /* LocalDataManagerImpl.swift in Sources */,
				93CFF016256EE832000827DF /* StockDetailViewController.swift in Sources */,
				93E5B3A8256EFEF50054D8E7 /* StocksCoordinator.swift in Sources */,
				93CFEFFC256EE4E1000827DF /* RemoteDataManager.swift in Sources */,
				93CFF001256EE5E0000827DF /* AppCoordinator.swift in Sources */,
				93CFF00D256EE6D8000827DF /* StocksDataManager.swift in Sources */,
				93CFEFCB256EE392000827DF /* SceneDelegate.swift in Sources */,
				93CFF01F256EFA3C000827DF /* StockCellViewModel.swift in Sources */,
				93CFEFD3256EE392000827DF /* Project99.xcdatamodeld in Sources */,
				93CFF021256EFA56000827DF /* StockCell.swift in Sources */,
				93CFF015256EE832000827DF /* StockDetailViewModel.swift in Sources */,
				93E5B3AE256F16800054D8E7 /* StocksResponse.swift in Sources */,
				93CFF00C256EE6D8000827DF /* StocksViewModel.swift in Sources */,
				93E5B3AC256F02980054D8E7 /* SckAttributeCell.swift in Sources */,
				93CFF00E256EE6D8000827DF /* StocksViewController.swift in Sources */,
				93E5B3AA256F027F0054D8E7 /* SckAttributeCellViewModel.swift in Sources */,
			);
			runOnlyForDeploymentPostprocessing = 0;
		};
		93CFEFDA256EE396000827DF /* Sources */ = {
			isa = PBXSourcesBuildPhase;
			buildActionMask = 2147483647;
			files = (
				93CFEFE3256EE396000827DF /* Project99Tests.swift in Sources */,
			);
			runOnlyForDeploymentPostprocessing = 0;
		};
/* End PBXSourcesBuildPhase section */

/* Begin PBXTargetDependency section */
		93CFEFE0256EE396000827DF /* PBXTargetDependency */ = {
			isa = PBXTargetDependency;
			target = 93CFEFC4256EE392000827DF /* Project99 */;
			targetProxy = 93CFEFDF256EE396000827DF /* PBXContainerItemProxy */;
		};
/* End PBXTargetDependency section */

/* Begin PBXVariantGroup section */
		93CFEFD6256EE396000827DF /* LaunchScreen.storyboard */ = {
			isa = PBXVariantGroup;
			children = (
				93CFEFD7256EE396000827DF /* Base */,
			);
			name = LaunchScreen.storyboard;
			sourceTree = "<group>";
		};
/* End PBXVariantGroup section */

/* Begin XCBuildConfiguration section */
		93CFEFE5256EE396000827DF /* Debug */ = {
			isa = XCBuildConfiguration;
			buildSettings = {
				ALWAYS_SEARCH_USER_PATHS = NO;
				CLANG_ANALYZER_NONNULL = YES;
				CLANG_ANALYZER_NUMBER_OBJECT_CONVERSION = YES_AGGRESSIVE;
				CLANG_CXX_LANGUAGE_STANDARD = "gnu++14";
				CLANG_CXX_LIBRARY = "libc++";
				CLANG_ENABLE_MODULES = YES;
				CLANG_ENABLE_OBJC_ARC = YES;
				CLANG_ENABLE_OBJC_WEAK = YES;
				CLANG_WARN_BLOCK_CAPTURE_AUTORELEASING = YES;
				CLANG_WARN_BOOL_CONVERSION = YES;
				CLANG_WARN_COMMA = YES;
				CLANG_WARN_CONSTANT_CONVERSION = YES;
				CLANG_WARN_DEPRECATED_OBJC_IMPLEMENTATIONS = YES;
				CLANG_WARN_DIRECT_OBJC_ISA_USAGE = YES_ERROR;
				CLANG_WARN_DOCUMENTATION_COMMENTS = YES;
				CLANG_WARN_EMPTY_BODY = YES;
				CLANG_WARN_ENUM_CONVERSION = YES;
				CLANG_WARN_INFINITE_RECURSION = YES;
				CLANG_WARN_INT_CONVERSION = YES;
				CLANG_WARN_NON_LITERAL_NULL_CONVERSION = YES;
				CLANG_WARN_OBJC_IMPLICIT_RETAIN_SELF = YES;
				CLANG_WARN_OBJC_LITERAL_CONVERSION = YES;
				CLANG_WARN_OBJC_ROOT_CLASS = YES_ERROR;
				CLANG_WARN_RANGE_LOOP_ANALYSIS = YES;
				CLANG_WARN_STRICT_PROTOTYPES = YES;
				CLANG_WARN_SUSPICIOUS_MOVE = YES;
				CLANG_WARN_UNGUARDED_AVAILABILITY = YES_AGGRESSIVE;
				CLANG_WARN_UNREACHABLE_CODE = YES;
				CLANG_WARN__DUPLICATE_METHOD_MATCH = YES;
				COPY_PHASE_STRIP = NO;
				DEBUG_INFORMATION_FORMAT = dwarf;
				ENABLE_STRICT_OBJC_MSGSEND = YES;
				ENABLE_TESTABILITY = YES;
				GCC_C_LANGUAGE_STANDARD = gnu11;
				GCC_DYNAMIC_NO_PIC = NO;
				GCC_NO_COMMON_BLOCKS = YES;
				GCC_OPTIMIZATION_LEVEL = 0;
				GCC_PREPROCESSOR_DEFINITIONS = (
					"DEBUG=1",
					"$(inherited)",
				);
				GCC_WARN_64_TO_32_BIT_CONVERSION = YES;
				GCC_WARN_ABOUT_RETURN_TYPE = YES_ERROR;
				GCC_WARN_UNDECLARED_SELECTOR = YES;
				GCC_WARN_UNINITIALIZED_AUTOS = YES_AGGRESSIVE;
				GCC_WARN_UNUSED_FUNCTION = YES;
				GCC_WARN_UNUSED_VARIABLE = YES;
				IPHONEOS_DEPLOYMENT_TARGET = 13.5;
				MTL_ENABLE_DEBUG_INFO = INCLUDE_SOURCE;
				MTL_FAST_MATH = YES;
				ONLY_ACTIVE_ARCH = YES;
				SDKROOT = iphoneos;
				SWIFT_ACTIVE_COMPILATION_CONDITIONS = DEBUG;
				SWIFT_OPTIMIZATION_LEVEL = "-Onone";
			};
			name = Debug;
		};
		93CFEFE6256EE396000827DF /* Release */ = {
			isa = XCBuildConfiguration;
			buildSettings = {
				ALWAYS_SEARCH_USER_PATHS = NO;
				CLANG_ANALYZER_NONNULL = YES;
				CLANG_ANALYZER_NUMBER_OBJECT_CONVERSION = YES_AGGRESSIVE;
				CLANG_CXX_LANGUAGE_STANDARD = "gnu++14";
				CLANG_CXX_LIBRARY = "libc++";
				CLANG_ENABLE_MODULES = YES;
				CLANG_ENABLE_OBJC_ARC = YES;
				CLANG_ENABLE_OBJC_WEAK = YES;
				CLANG_WARN_BLOCK_CAPTURE_AUTORELEASING = YES;
				CLANG_WARN_BOOL_CONVERSION = YES;
				CLANG_WARN_COMMA = YES;
				CLANG_WARN_CONSTANT_CONVERSION = YES;
				CLANG_WARN_DEPRECATED_OBJC_IMPLEMENTATIONS = YES;
				CLANG_WARN_DIRECT_OBJC_ISA_USAGE = YES_ERROR;
				CLANG_WARN_DOCUMENTATION_COMMENTS = YES;
				CLANG_WARN_EMPTY_BODY = YES;
				CLANG_WARN_ENUM_CONVERSION = YES;
				CLANG_WARN_INFINITE_RECURSION = YES;
				CLANG_WARN_INT_CONVERSION = YES;
				CLANG_WARN_NON_LITERAL_NULL_CONVERSION = YES;
				CLANG_WARN_OBJC_IMPLICIT_RETAIN_SELF = YES;
				CLANG_WARN_OBJC_LITERAL_CONVERSION = YES;
				CLANG_WARN_OBJC_ROOT_CLASS = YES_ERROR;
				CLANG_WARN_RANGE_LOOP_ANALYSIS = YES;
				CLANG_WARN_STRICT_PROTOTYPES = YES;
				CLANG_WARN_SUSPICIOUS_MOVE = YES;
				CLANG_WARN_UNGUARDED_AVAILABILITY = YES_AGGRESSIVE;
				CLANG_WARN_UNREACHABLE_CODE = YES;
				CLANG_WARN__DUPLICATE_METHOD_MATCH = YES;
				COPY_PHASE_STRIP = NO;
				DEBUG_INFORMATION_FORMAT = "dwarf-with-dsym";
				ENABLE_NS_ASSERTIONS = NO;
				ENABLE_STRICT_OBJC_MSGSEND = YES;
				GCC_C_LANGUAGE_STANDARD = gnu11;
				GCC_NO_COMMON_BLOCKS = YES;
				GCC_WARN_64_TO_32_BIT_CONVERSION = YES;
				GCC_WARN_ABOUT_RETURN_TYPE = YES_ERROR;
				GCC_WARN_UNDECLARED_SELECTOR = YES;
				GCC_WARN_UNINITIALIZED_AUTOS = YES_AGGRESSIVE;
				GCC_WARN_UNUSED_FUNCTION = YES;
				GCC_WARN_UNUSED_VARIABLE = YES;
				IPHONEOS_DEPLOYMENT_TARGET = 13.5;
				MTL_ENABLE_DEBUG_INFO = NO;
				MTL_FAST_MATH = YES;
				SDKROOT = iphoneos;
				SWIFT_COMPILATION_MODE = wholemodule;
				SWIFT_OPTIMIZATION_LEVEL = "-O";
				VALIDATE_PRODUCT = YES;
			};
			name = Release;
		};
		93CFEFE8256EE396000827DF /* Debug */ = {
			isa = XCBuildConfiguration;
			buildSettings = {
				ASSETCATALOG_COMPILER_APPICON_NAME = AppIcon;
				CODE_SIGN_STYLE = Automatic;
				INFOPLIST_FILE = Project99/AppSupport/Info.plist;
				LD_RUNPATH_SEARCH_PATHS = (
					"$(inherited)",
					"@executable_path/Frameworks",
				);
				PRODUCT_BUNDLE_IDENTIFIER = com.rigonpa.Project99;
				PRODUCT_NAME = "$(TARGET_NAME)";
				SWIFT_VERSION = 5.0;
				TARGETED_DEVICE_FAMILY = "1,2";
			};
			name = Debug;
		};
		93CFEFE9256EE396000827DF /* Release */ = {
			isa = XCBuildConfiguration;
			buildSettings = {
				ASSETCATALOG_COMPILER_APPICON_NAME = AppIcon;
				CODE_SIGN_STYLE = Automatic;
				INFOPLIST_FILE = Project99/AppSupport/Info.plist;
				LD_RUNPATH_SEARCH_PATHS = (
					"$(inherited)",
					"@executable_path/Frameworks",
				);
				PRODUCT_BUNDLE_IDENTIFIER = com.rigonpa.Project99;
				PRODUCT_NAME = "$(TARGET_NAME)";
				SWIFT_VERSION = 5.0;
				TARGETED_DEVICE_FAMILY = "1,2";
			};
			name = Release;
		};
		93CFEFEB256EE396000827DF /* Debug */ = {
			isa = XCBuildConfiguration;
			buildSettings = {
				ALWAYS_EMBED_SWIFT_STANDARD_LIBRARIES = YES;
				BUNDLE_LOADER = "$(TEST_HOST)";
				CODE_SIGN_STYLE = Automatic;
				INFOPLIST_FILE = Project99Tests/Info.plist;
				IPHONEOS_DEPLOYMENT_TARGET = 13.5;
				LD_RUNPATH_SEARCH_PATHS = (
					"$(inherited)",
					"@executable_path/Frameworks",
					"@loader_path/Frameworks",
				);
				PRODUCT_BUNDLE_IDENTIFIER = com.rigonpa.Project99Tests;
				PRODUCT_NAME = "$(TARGET_NAME)";
				SWIFT_VERSION = 5.0;
				TARGETED_DEVICE_FAMILY = "1,2";
				TEST_HOST = "$(BUILT_PRODUCTS_DIR)/Project99.app/Project99";
			};
			name = Debug;
		};
		93CFEFEC256EE396000827DF /* Release */ = {
			isa = XCBuildConfiguration;
			buildSettings = {
				ALWAYS_EMBED_SWIFT_STANDARD_LIBRARIES = YES;
				BUNDLE_LOADER = "$(TEST_HOST)";
				CODE_SIGN_STYLE = Automatic;
				INFOPLIST_FILE = Project99Tests/Info.plist;
				IPHONEOS_DEPLOYMENT_TARGET = 13.5;
				LD_RUNPATH_SEARCH_PATHS = (
					"$(inherited)",
					"@executable_path/Frameworks",
					"@loader_path/Frameworks",
				);
				PRODUCT_BUNDLE_IDENTIFIER = com.rigonpa.Project99Tests;
				PRODUCT_NAME = "$(TARGET_NAME)";
				SWIFT_VERSION = 5.0;
				TARGETED_DEVICE_FAMILY = "1,2";
				TEST_HOST = "$(BUILT_PRODUCTS_DIR)/Project99.app/Project99";
			};
			name = Release;
		};
/* End XCBuildConfiguration section */

/* Begin XCConfigurationList section */
		93CFEFC0256EE392000827DF /* Build configuration list for PBXProject "Project99" */ = {
			isa = XCConfigurationList;
			buildConfigurations = (
				93CFEFE5256EE396000827DF /* Debug */,
				93CFEFE6256EE396000827DF /* Release */,
			);
			defaultConfigurationIsVisible = 0;
			defaultConfigurationName = Release;
		};
		93CFEFE7256EE396000827DF /* Build configuration list for PBXNativeTarget "Project99" */ = {
			isa = XCConfigurationList;
			buildConfigurations = (
				93CFEFE8256EE396000827DF /* Debug */,
				93CFEFE9256EE396000827DF /* Release */,
			);
			defaultConfigurationIsVisible = 0;
			defaultConfigurationName = Release;
		};
		93CFEFEA256EE396000827DF /* Build configuration list for PBXNativeTarget "Project99Tests" */ = {
			isa = XCConfigurationList;
			buildConfigurations = (
				93CFEFEB256EE396000827DF /* Debug */,
				93CFEFEC256EE396000827DF /* Release */,
			);
			defaultConfigurationIsVisible = 0;
			defaultConfigurationName = Release;
		};
/* End XCConfigurationList section */

/* Begin XCVersionGroup section */
		93CFEFD1256EE392000827DF /* Project99.xcdatamodeld */ = {
			isa = XCVersionGroup;
			children = (
				93CFEFD2256EE392000827DF /* Project99.xcdatamodel */,
			);
			currentVersion = 93CFEFD2256EE392000827DF /* Project99.xcdatamodel */;
			path = Project99.xcdatamodeld;
			sourceTree = "<group>";
			versionGroupType = wrapper.xcdatamodel;
		};
/* End XCVersionGroup section */
	};
	rootObject = 93CFEFBD256EE392000827DF /* Project object */;
}
